
Microsoft Visual Studio Solution File, Format Version 11.00
# Visual Studio 2010
Project("{FAE04EC0-301F-11D3-BF4B-00C04F79EFBC}") = "rodanit_com", "rodanit_com.csproj", "{BB11EB4C-5141-4806-BA03-DF26E8E5C377}"
EndProject
Global
	GlobalSection(SolutionConfigurationPlatforms) = preSolution
		Debug|Any CPU = Debug|Any CPU
		Release|Any CPU = Release|Any CPU
	EndGlobalSection
	GlobalSection(ProjectConfigurationPlatforms) = postSolution
		{BB11EB4C-5141-4806-BA03-DF26E8E5C377}.Debug|Any CPU.ActiveCfg = Debug|Any CPU
		{BB11EB4C-5141-4806-BA03-DF26E8E5C377}.Debug|Any CPU.Build.0 = Debug|Any CPU
		{BB11EB4C-5141-4806-BA03-DF26E8E5C377}.Release|Any CPU.ActiveCfg = Release|Any CPU
		{BB11EB4C-5141-4806-BA03-DF26E8E5C377}.Release|Any CPU.Build.0 = Release|Any CPU
	EndGlobalSection
	GlobalSection(SolutionProperties) = preSolution
		HideSolutionNode = FALSE
	EndGlobalSection
EndGlobal
